
Microsoft Visual Studio Solution File, Format Version 10.00
# Visual Studio 2008
Project("{FAE04EC0-301F-11D3-BF4B-00C04F79EFBC}") = "Heliopolis", "Heliopolis\Heliopolis.csproj", "{B8A63861-7451-4D3D-AAA0-383BA528BE32}"
EndProject
Global
	GlobalSection(SolutionConfigurationPlatforms) = preSolution
		Debug|x86 = Debug|x86
		Release|x86 = Release|x86
	EndGlobalSection
	GlobalSection(ProjectConfigurationPlatforms) = postSolution
		{B8A63861-7451-4D3D-AAA0-383BA528BE32}.Debug|x86.ActiveCfg = Debug|x86
		{B8A63861-7451-4D3D-AAA0-383BA528BE32}.Debug|x86.Build.0 = Debug|x86
		{B8A63861-7451-4D3D-AAA0-383BA528BE32}.Release|x86.ActiveCfg = Release|x86
		{B8A63861-7451-4D3D-AAA0-383BA528BE32}.Release|x86.Build.0 = Release|x86
		{FA929159-5099-4CDF-98FC-90DD6A009FA5}.Debug|x86.ActiveCfg = Debug|x86
		{FA929159-5099-4CDF-98FC-90DD6A009FA5}.Release|x86.ActiveCfg = Release|x86
	EndGlobalSection
	GlobalSection(SolutionProperties) = preSolution
		HideSolutionNode = FALSE
	EndGlobalSection
EndGlobal
